# This file is automatically @generated by Poetry and should not be changed by hand.

[[package]]
name = "backoff"
version = "2.2.1"
description = "Function decoration for backoff and retry"
category = "main"
optional = false
python-versions = ">=3.7,<4.0"
files = [
    {file = "backoff-2.2.1-py3-none-any.whl", hash = "sha256:63579f9a0628e06278f7e47b7d7d5b6ce20dc65c5e96a6f3ca99a6adca0396e8"},
    {file = "backoff-2.2.1.tar.gz", hash = "sha256:03f829f5bb1923180821643f8753b0502c3b682293992485b0eef2807afa5cba"},
]

[[package]]
name = "certifi"
version = "2022.12.7"
description = "Python package for providing Mozilla's CA Bundle."
category = "main"
optional = false
python-versions = ">=3.6"
files = [
    {file = "certifi-2022.12.7-py3-none-any.whl", hash = "sha256:4ad3232f5e926d6718ec31cfc1fcadfde020920e278684144551c91769c7bc18"},
    {file = "certifi-2022.12.7.tar.gz", hash = "sha256:35824b4c3a97115964b408844d64aa14db1cc518f6562e8d7261699d1350a9e3"},
]

[[package]]
name = "charset-normalizer"
version = "3.0.1"
description = "The Real First Universal Charset Detector. Open, modern and actively maintained alternative to Chardet."
category = "main"
optional = false
python-versions = "*"
files = [
    {file = "charset-normalizer-3.0.1.tar.gz", hash = "sha256:ebea339af930f8ca5d7a699b921106c6e29c617fe9606fa7baa043c1cdae326f"},
    {file = "charset_normalizer-3.0.1-cp310-cp310-macosx_10_9_universal2.whl", hash = "sha256:88600c72ef7587fe1708fd242b385b6ed4b8904976d5da0893e31df8b3480cb6"},
    {file = "charset_normalizer-3.0.1-cp310-cp310-macosx_10_9_x86_64.whl", hash = "sha256:c75ffc45f25324e68ab238cb4b5c0a38cd1c3d7f1fb1f72b5541de469e2247db"},
    {file = "charset_normalizer-3.0.1-cp310-cp310-macosx_11_0_arm64.whl", hash = "sha256:db72b07027db150f468fbada4d85b3b2729a3db39178abf5c543b784c1254539"},
    {file = "charset_normalizer-3.0.1-cp310-cp310-manylinux_2_17_aarch64.manylinux2014_aarch64.whl", hash = "sha256:62595ab75873d50d57323a91dd03e6966eb79c41fa834b7a1661ed043b2d404d"},
    {file = "charset_normalizer-3.0.1-cp310-cp310-manylinux_2_17_ppc64le.manylinux2014_ppc64le.whl", hash = "sha256:ff6f3db31555657f3163b15a6b7c6938d08df7adbfc9dd13d9d19edad678f1e8"},
    {file = "charset_normalizer-3.0.1-cp310-cp310-manylinux_2_17_s390x.manylinux2014_s390x.whl", hash = "sha256:772b87914ff1152b92a197ef4ea40efe27a378606c39446ded52c8f80f79702e"},
    {file = "charset_normalizer-3.0.1-cp310-cp310-manylinux_2_17_x86_64.manylinux2014_x86_64.whl", hash = "sha256:70990b9c51340e4044cfc394a81f614f3f90d41397104d226f21e66de668730d"},
    {file = "charset_normalizer-3.0.1-cp310-cp310-manylinux_2_5_i686.manylinux1_i686.manylinux_2_17_i686.manylinux2014_i686.whl", hash = "sha256:292d5e8ba896bbfd6334b096e34bffb56161c81408d6d036a7dfa6929cff8783"},
    {file = "charset_normalizer-3.0.1-cp310-cp310-musllinux_1_1_aarch64.whl", hash = "sha256:2edb64ee7bf1ed524a1da60cdcd2e1f6e2b4f66ef7c077680739f1641f62f555"},
    {file = "charset_normalizer-3.0.1-cp310-cp310-musllinux_1_1_i686.whl", hash = "sha256:31a9ddf4718d10ae04d9b18801bd776693487cbb57d74cc3458a7673f6f34639"},
    {file = "charset_normalizer-3.0.1-cp310-cp310-musllinux_1_1_ppc64le.whl", hash = "sha256:44ba614de5361b3e5278e1241fda3dc1838deed864b50a10d7ce92983797fa76"},
    {file = "charset_normalizer-3.0.1-cp310-cp310-musllinux_1_1_s390x.whl", hash = "sha256:12db3b2c533c23ab812c2b25934f60383361f8a376ae272665f8e48b88e8e1c6"},
    {file = "charset_normalizer-3.0.1-cp310-cp310-musllinux_1_1_x86_64.whl", hash = "sha256:c512accbd6ff0270939b9ac214b84fb5ada5f0409c44298361b2f5e13f9aed9e"},
    {file = "charset_normalizer-3.0.1-cp310-cp310-win32.whl", hash = "sha256:502218f52498a36d6bf5ea77081844017bf7982cdbe521ad85e64cabee1b608b"},
    {file = "charset_normalizer-3.0.1-cp310-cp310-win_amd64.whl", hash = "sha256:601f36512f9e28f029d9481bdaf8e89e5148ac5d89cffd3b05cd533eeb423b59"},
    {file = "charset_normalizer-3.0.1-cp311-cp311-macosx_10_9_universal2.whl", hash = "sha256:0298eafff88c99982a4cf66ba2efa1128e4ddaca0b05eec4c456bbc7db691d8d"},
    {file = "charset_normalizer-3.0.1-cp311-cp311-macosx_10_9_x86_64.whl", hash = "sha256:a8d0fc946c784ff7f7c3742310cc8a57c5c6dc31631269876a88b809dbeff3d3"},
    {file = "charset_normalizer-3.0.1-cp311-cp311-macosx_11_0_arm64.whl", hash = "sha256:87701167f2a5c930b403e9756fab1d31d4d4da52856143b609e30a1ce7160f3c"},
    {file = "charset_normalizer-3.0.1-cp311-cp311-manylinux_2_17_aarch64.manylinux2014_aarch64.whl", hash = "sha256:14e76c0f23218b8f46c4d87018ca2e441535aed3632ca134b10239dfb6dadd6b"},
    {file = "charset_normalizer-3.0.1-cp311-cp311-manylinux_2_17_ppc64le.manylinux2014_ppc64le.whl", hash = "sha256:0c0a590235ccd933d9892c627dec5bc7511ce6ad6c1011fdf5b11363022746c1"},
    {file = "charset_normalizer-3.0.1-cp311-cp311-manylinux_2_17_s390x.manylinux2014_s390x.whl", hash = "sha256:8c7fe7afa480e3e82eed58e0ca89f751cd14d767638e2550c77a92a9e749c317"},
    {file = "charset_normalizer-3.0.1-cp311-cp311-manylinux_2_17_x86_64.manylinux2014_x86_64.whl", hash = "sha256:79909e27e8e4fcc9db4addea88aa63f6423ebb171db091fb4373e3312cb6d603"},
    {file = "charset_normalizer-3.0.1-cp311-cp311-manylinux_2_5_i686.manylinux1_i686.manylinux_2_17_i686.manylinux2014_i686.whl", hash = "sha256:8ac7b6a045b814cf0c47f3623d21ebd88b3e8cf216a14790b455ea7ff0135d18"},
    {file = "charset_normalizer-3.0.1-cp311-cp311-musllinux_1_1_aarch64.whl", hash = "sha256:72966d1b297c741541ca8cf1223ff262a6febe52481af742036a0b296e35fa5a"},
    {file = "charset_normalizer-3.0.1-cp311-cp311-musllinux_1_1_i686.whl", hash = "sha256:f9d0c5c045a3ca9bedfc35dca8526798eb91a07aa7a2c0fee134c6c6f321cbd7"},
    {file = "charset_normalizer-3.0.1-cp311-cp311-musllinux_1_1_ppc64le.whl", hash = "sha256:5995f0164fa7df59db4746112fec3f49c461dd6b31b841873443bdb077c13cfc"},
    {file = "charset_normalizer-3.0.1-cp311-cp311-musllinux_1_1_s390x.whl", hash = "sha256:4a8fcf28c05c1f6d7e177a9a46a1c52798bfe2ad80681d275b10dcf317deaf0b"},
    {file = "charset_normalizer-3.0.1-cp311-cp311-musllinux_1_1_x86_64.whl", hash = "sha256:761e8904c07ad053d285670f36dd94e1b6ab7f16ce62b9805c475b7aa1cffde6"},
    {file = "charset_normalizer-3.0.1-cp311-cp311-win32.whl", hash = "sha256:71140351489970dfe5e60fc621ada3e0f41104a5eddaca47a7acb3c1b851d6d3"},
    {file = "charset_normalizer-3.0.1-cp311-cp311-win_amd64.whl", hash = "sha256:9ab77acb98eba3fd2a85cd160851816bfce6871d944d885febf012713f06659c"},
    {file = "charset_normalizer-3.0.1-cp36-cp36m-macosx_10_9_x86_64.whl", hash = "sha256:84c3990934bae40ea69a82034912ffe5a62c60bbf6ec5bc9691419641d7d5c9a"},
    {file = "charset_normalizer-3.0.1-cp36-cp36m-manylinux_2_17_aarch64.manylinux2014_aarch64.whl", hash = "sha256:74292fc76c905c0ef095fe11e188a32ebd03bc38f3f3e9bcb85e4e6db177b7ea"},
    {file = "charset_normalizer-3.0.1-cp36-cp36m-manylinux_2_17_ppc64le.manylinux2014_ppc64le.whl", hash = "sha256:c95a03c79bbe30eec3ec2b7f076074f4281526724c8685a42872974ef4d36b72"},
    {file = "charset_normalizer-3.0.1-cp36-cp36m-manylinux_2_17_s390x.manylinux2014_s390x.whl", hash = "sha256:f4c39b0e3eac288fedc2b43055cfc2ca7a60362d0e5e87a637beac5d801ef478"},
    {file = "charset_normalizer-3.0.1-cp36-cp36m-manylinux_2_17_x86_64.manylinux2014_x86_64.whl", hash = "sha256:df2c707231459e8a4028eabcd3cfc827befd635b3ef72eada84ab13b52e1574d"},
    {file = "charset_normalizer-3.0.1-cp36-cp36m-manylinux_2_5_i686.manylinux1_i686.manylinux_2_17_i686.manylinux2014_i686.whl", hash = "sha256:93ad6d87ac18e2a90b0fe89df7c65263b9a99a0eb98f0a3d2e079f12a0735837"},
    {file = "charset_normalizer-3.0.1-cp36-cp36m-musllinux_1_1_aarch64.whl", hash = "sha256:59e5686dd847347e55dffcc191a96622f016bc0ad89105e24c14e0d6305acbc6"},
    {file = "charset_normalizer-3.0.1-cp36-cp36m-musllinux_1_1_i686.whl", hash = "sha256:cd6056167405314a4dc3c173943f11249fa0f1b204f8b51ed4bde1a9cd1834dc"},
    {file = "charset_normalizer-3.0.1-cp36-cp36m-musllinux_1_1_ppc64le.whl", hash = "sha256:083c8d17153ecb403e5e1eb76a7ef4babfc2c48d58899c98fcaa04833e7a2f9a"},
    {file = "charset_normalizer-3.0.1-cp36-cp36m-musllinux_1_1_s390x.whl", hash = "sha256:f5057856d21e7586765171eac8b9fc3f7d44ef39425f85dbcccb13b3ebea806c"},
    {file = "charset_normalizer-3.0.1-cp36-cp36m-musllinux_1_1_x86_64.whl", hash = "sha256:7eb33a30d75562222b64f569c642ff3dc6689e09adda43a082208397f016c39a"},
    {file = "charset_normalizer-3.0.1-cp36-cp36m-win32.whl", hash = "sha256:95dea361dd73757c6f1c0a1480ac499952c16ac83f7f5f4f84f0658a01b8ef41"},
    {file = "charset_normalizer-3.0.1-cp36-cp36m-win_amd64.whl", hash = "sha256:eaa379fcd227ca235d04152ca6704c7cb55564116f8bc52545ff357628e10602"},
    {file = "charset_normalizer-3.0.1-cp37-cp37m-macosx_10_9_x86_64.whl", hash = "sha256:3e45867f1f2ab0711d60c6c71746ac53537f1684baa699f4f668d4c6f6ce8e14"},
    {file = "charset_normalizer-3.0.1-cp37-cp37m-manylinux_2_17_aarch64.manylinux2014_aarch64.whl", hash = "sha256:cadaeaba78750d58d3cc6ac4d1fd867da6fc73c88156b7a3212a3cd4819d679d"},
    {file = "charset_normalizer-3.0.1-cp37-cp37m-manylinux_2_17_ppc64le.manylinux2014_ppc64le.whl", hash = "sha256:911d8a40b2bef5b8bbae2e36a0b103f142ac53557ab421dc16ac4aafee6f53dc"},
    {file = "charset_normalizer-3.0.1-cp37-cp37m-manylinux_2_17_s390x.manylinux2014_s390x.whl", hash = "sha256:503e65837c71b875ecdd733877d852adbc465bd82c768a067badd953bf1bc5a3"},
    {file = "charset_normalizer-3.0.1-cp37-cp37m-manylinux_2_17_x86_64.manylinux2014_x86_64.whl", hash = "sha256:a60332922359f920193b1d4826953c507a877b523b2395ad7bc716ddd386d866"},
    {file = "charset_normalizer-3.0.1-cp37-cp37m-manylinux_2_5_i686.manylinux1_i686.manylinux_2_17_i686.manylinux2014_i686.whl", hash = "sha256:16a8663d6e281208d78806dbe14ee9903715361cf81f6d4309944e4d1e59ac5b"},
    {file = "charset_normalizer-3.0.1-cp37-cp37m-musllinux_1_1_aarch64.whl", hash = "sha256:a16418ecf1329f71df119e8a65f3aa68004a3f9383821edcb20f0702934d8087"},
    {file = "charset_normalizer-3.0.1-cp37-cp37m-musllinux_1_1_i686.whl", hash = "sha256:9d9153257a3f70d5f69edf2325357251ed20f772b12e593f3b3377b5f78e7ef8"},
    {file = "charset_normalizer-3.0.1-cp37-cp37m-musllinux_1_1_ppc64le.whl", hash = "sha256:02a51034802cbf38db3f89c66fb5d2ec57e6fe7ef2f4a44d070a593c3688667b"},
    {file = "charset_normalizer-3.0.1-cp37-cp37m-musllinux_1_1_s390x.whl", hash = "sha256:2e396d70bc4ef5325b72b593a72c8979999aa52fb8bcf03f701c1b03e1166918"},
    {file = "charset_normalizer-3.0.1-cp37-cp37m-musllinux_1_1_x86_64.whl", hash = "sha256:11b53acf2411c3b09e6af37e4b9005cba376c872503c8f28218c7243582df45d"},
    {file = "charset_normalizer-3.0.1-cp37-cp37m-win32.whl", hash = "sha256:0bf2dae5291758b6f84cf923bfaa285632816007db0330002fa1de38bfcb7154"},
    {file = "charset_normalizer-3.0.1-cp37-cp37m-win_amd64.whl", hash = "sha256:2c03cc56021a4bd59be889c2b9257dae13bf55041a3372d3295416f86b295fb5"},
    {file = "charset_normalizer-3.0.1-cp38-cp38-macosx_10_9_universal2.whl", hash = "sha256:024e606be3ed92216e2b6952ed859d86b4cfa52cd5bc5f050e7dc28f9b43ec42"},
    {file = "charset_normalizer-3.0.1-cp38-cp38-macosx_10_9_x86_64.whl", hash = "sha256:4b0d02d7102dd0f997580b51edc4cebcf2ab6397a7edf89f1c73b586c614272c"},
    {file = "charset_normalizer-3.0.1-cp38-cp38-macosx_11_0_arm64.whl", hash = "sha256:358a7c4cb8ba9b46c453b1dd8d9e431452d5249072e4f56cfda3149f6ab1405e"},
    {file = "charset_normalizer-3.0.1-cp38-cp38-manylinux_2_17_aarch64.manylinux2014_aarch64.whl", hash = "sha256:81d6741ab457d14fdedc215516665050f3822d3e56508921cc7239f8c8e66a58"},
    {file = "charset_normalizer-3.0.1-cp38-cp38-manylinux_2_17_ppc64le.manylinux2014_ppc64le.whl", hash = "sha256:8b8af03d2e37866d023ad0ddea594edefc31e827fee64f8de5611a1dbc373174"},
    {file = "charset_normalizer-3.0.1-cp38-cp38-manylinux_2_17_s390x.manylinux2014_s390x.whl", hash = "sha256:9cf4e8ad252f7c38dd1f676b46514f92dc0ebeb0db5552f5f403509705e24753"},
    {file = "charset_normalizer-3.0.1-cp38-cp38-manylinux_2_17_x86_64.manylinux2014_x86_64.whl", hash = "sha256:e696f0dd336161fca9adbb846875d40752e6eba585843c768935ba5c9960722b"},
    {file = "charset_normalizer-3.0.1-cp38-cp38-manylinux_2_5_i686.manylinux1_i686.manylinux_2_17_i686.manylinux2014_i686.whl", hash = "sha256:c22d3fe05ce11d3671297dc8973267daa0f938b93ec716e12e0f6dee81591dc1"},
    {file = "charset_normalizer-3.0.1-cp38-cp38-musllinux_1_1_aarch64.whl", hash = "sha256:109487860ef6a328f3eec66f2bf78b0b72400280d8f8ea05f69c51644ba6521a"},
    {file = "charset_normalizer-3.0.1-cp38-cp38-musllinux_1_1_i686.whl", hash = "sha256:37f8febc8ec50c14f3ec9637505f28e58d4f66752207ea177c1d67df25da5aed"},
    {file = "charset_normalizer-3.0.1-cp38-cp38-musllinux_1_1_ppc64le.whl", hash = "sha256:f97e83fa6c25693c7a35de154681fcc257c1c41b38beb0304b9c4d2d9e164479"},
    {file = "charset_normalizer-3.0.1-cp38-cp38-musllinux_1_1_s390x.whl", hash = "sha256:a152f5f33d64a6be73f1d30c9cc82dfc73cec6477ec268e7c6e4c7d23c2d2291"},
    {file = "charset_normalizer-3.0.1-cp38-cp38-musllinux_1_1_x86_64.whl", hash = "sha256:39049da0ffb96c8cbb65cbf5c5f3ca3168990adf3551bd1dee10c48fce8ae820"},
    {file = "charset_normalizer-3.0.1-cp38-cp38-win32.whl", hash = "sha256:4457ea6774b5611f4bed5eaa5df55f70abde42364d498c5134b7ef4c6958e20e"},
    {file = "charset_normalizer-3.0.1-cp38-cp38-win_amd64.whl", hash = "sha256:e62164b50f84e20601c1ff8eb55620d2ad25fb81b59e3cd776a1902527a788af"},
    {file = "charset_normalizer-3.0.1-cp39-cp39-macosx_10_9_universal2.whl", hash = "sha256:8eade758719add78ec36dc13201483f8e9b5d940329285edcd5f70c0a9edbd7f"},
    {file = "charset_normalizer-3.0.1-cp39-cp39-macosx_10_9_x86_64.whl", hash = "sha256:8499ca8f4502af841f68135133d8258f7b32a53a1d594aa98cc52013fff55678"},
    {file = "charset_normalizer-3.0.1-cp39-cp39-macosx_11_0_arm64.whl", hash = "sha256:3fc1c4a2ffd64890aebdb3f97e1278b0cc72579a08ca4de8cd2c04799a3a22be"},
    {file = "charset_normalizer-3.0.1-cp39-cp39-manylinux_2_17_aarch64.manylinux2014_aarch64.whl", hash = "sha256:00d3ffdaafe92a5dc603cb9bd5111aaa36dfa187c8285c543be562e61b755f6b"},
    {file = "charset_normalizer-3.0.1-cp39-cp39-manylinux_2_17_ppc64le.manylinux2014_ppc64le.whl", hash = "sha256:c2ac1b08635a8cd4e0cbeaf6f5e922085908d48eb05d44c5ae9eabab148512ca"},
    {file = "charset_normalizer-3.0.1-cp39-cp39-manylinux_2_17_s390x.manylinux2014_s390x.whl", hash = "sha256:f6f45710b4459401609ebebdbcfb34515da4fc2aa886f95107f556ac69a9147e"},
    {file = "charset_normalizer-3.0.1-cp39-cp39-manylinux_2_17_x86_64.manylinux2014_x86_64.whl", hash = "sha256:3ae1de54a77dc0d6d5fcf623290af4266412a7c4be0b1ff7444394f03f5c54e3"},
    {file = "charset_normalizer-3.0.1-cp39-cp39-manylinux_2_5_i686.manylinux1_i686.manylinux_2_17_i686.manylinux2014_i686.whl", hash = "sha256:3b590df687e3c5ee0deef9fc8c547d81986d9a1b56073d82de008744452d6541"},
    {file = "charset_normalizer-3.0.1-cp39-cp39-musllinux_1_1_aarch64.whl", hash = "sha256:ab5de034a886f616a5668aa5d098af2b5385ed70142090e2a31bcbd0af0fdb3d"},
    {file = "charset_normalizer-3.0.1-cp39-cp39-musllinux_1_1_i686.whl", hash = "sha256:9cb3032517f1627cc012dbc80a8ec976ae76d93ea2b5feaa9d2a5b8882597579"},
    {file = "charset_normalizer-3.0.1-cp39-cp39-musllinux_1_1_ppc64le.whl", hash = "sha256:608862a7bf6957f2333fc54ab4399e405baad0163dc9f8d99cb236816db169d4"},
    {file = "charset_normalizer-3.0.1-cp39-cp39-musllinux_1_1_s390x.whl", hash = "sha256:0f438ae3532723fb6ead77e7c604be7c8374094ef4ee2c5e03a3a17f1fca256c"},
    {file = "charset_normalizer-3.0.1-cp39-cp39-musllinux_1_1_x86_64.whl", hash = "sha256:356541bf4381fa35856dafa6a965916e54bed415ad8a24ee6de6e37deccf2786"},
    {file = "charset_normalizer-3.0.1-cp39-cp39-win32.whl", hash = "sha256:39cf9ed17fe3b1bc81f33c9ceb6ce67683ee7526e65fde1447c772afc54a1bb8"},
    {file = "charset_normalizer-3.0.1-cp39-cp39-win_amd64.whl", hash = "sha256:0a11e971ed097d24c534c037d298ad32c6ce81a45736d31e0ff0ad37ab437d59"},
    {file = "charset_normalizer-3.0.1-py3-none-any.whl", hash = "sha256:7e189e2e1d3ed2f4aebabd2d5b0f931e883676e51c7624826e0a4e5fe8a0bf24"},
]

[[package]]
name = "idna"
version = "3.4"
description = "Internationalized Domain Names in Applications (IDNA)"
category = "main"
optional = false
python-versions = ">=3.5"
files = [
    {file = "idna-3.4-py3-none-any.whl", hash = "sha256:90b77e79eaa3eba6de819a0c442c0b4ceefc341a7a2ab77d7562bf49f425c5c2"},
    {file = "idna-3.4.tar.gz", hash = "sha256:814f528e8dead7d329833b91c5faa87d60bf71824cd12a7530b5526063d02cb4"},
]

[[package]]
name = "mwoauth"
version = "0.3.8"
description = "A generic MediaWiki OAuth handshake helper."
category = "main"
optional = false
python-versions = "*"
files = [
    {file = "mwoauth-0.3.8-py3-none-any.whl", hash = "sha256:0fe65bc42aa78f29da33df4c851d12e3b6c41820772bb51b18945f7ea710dca2"},
    {file = "mwoauth-0.3.8.tar.gz", hash = "sha256:08daf4edabaa0f95a845f98e5707de7316a8383a9625f20ae768b035991c36ac"},
]

[package.dependencies]
oauthlib = "*"
PyJWT = ">=1.0.1"
requests = "*"
requests-oauthlib = "*"
six = "*"

[package.extras]
flask = ["flask"]

[[package]]
name = "oauthlib"
version = "3.2.2"
description = "A generic, spec-compliant, thorough implementation of the OAuth request-signing logic"
category = "main"
optional = false
python-versions = ">=3.6"
files = [
    {file = "oauthlib-3.2.2-py3-none-any.whl", hash = "sha256:8139f29aac13e25d502680e9e19963e83f16838d48a0d71c287fe40e7067fbca"},
    {file = "oauthlib-3.2.2.tar.gz", hash = "sha256:9859c40929662bec5d64f34d01c99e093149682a3f38915dc0655d5a633dd918"},
]

[package.extras]
rsa = ["cryptography (>=3.0.0)"]
signals = ["blinker (>=1.4.0)"]
signedtoken = ["cryptography (>=3.0.0)", "pyjwt (>=2.0.0,<3)"]

[[package]]
name = "pyjwt"
version = "2.6.0"
description = "JSON Web Token implementation in Python"
category = "main"
optional = false
python-versions = ">=3.7"
files = [
    {file = "PyJWT-2.6.0-py3-none-any.whl", hash = "sha256:d83c3d892a77bbb74d3e1a2cfa90afaadb60945205d1095d9221f04466f64c14"},
    {file = "PyJWT-2.6.0.tar.gz", hash = "sha256:69285c7e31fc44f68a1feb309e948e0df53259d579295e6cfe2b1792329f05fd"},
]

[package.extras]
crypto = ["cryptography (>=3.4.0)"]
dev = ["coverage[toml] (==5.0.4)", "cryptography (>=3.4.0)", "pre-commit", "pytest (>=6.0.0,<7.0.0)", "sphinx (>=4.5.0,<5.0.0)", "sphinx-rtd-theme", "zope.interface"]
docs = ["sphinx (>=4.5.0,<5.0.0)", "sphinx-rtd-theme", "zope.interface"]
tests = ["coverage[toml] (==5.0.4)", "pytest (>=6.0.0,<7.0.0)"]

[[package]]
name = "requests"
version = "2.28.2"
description = "Python HTTP for Humans."
category = "main"
optional = false
python-versions = ">=3.7, <4"
files = [
    {file = "requests-2.28.2-py3-none-any.whl", hash = "sha256:64299f4909223da747622c030b781c0d7811e359c37124b4bd368fb8c6518baa"},
    {file = "requests-2.28.2.tar.gz", hash = "sha256:98b1b2782e3c6c4904938b84c0eb932721069dfdb9134313beff7c83c2df24bf"},
]

[package.dependencies]
certifi = ">=2017.4.17"
charset-normalizer = ">=2,<4"
idna = ">=2.5,<4"
urllib3 = ">=1.21.1,<1.27"

[package.extras]
socks = ["PySocks (>=1.5.6,!=1.5.7)"]
use-chardet-on-py3 = ["chardet (>=3.0.2,<6)"]

[[package]]
name = "requests-oauthlib"
version = "1.3.1"
description = "OAuthlib authentication support for Requests."
category = "main"
optional = false
python-versions = ">=2.7, !=3.0.*, !=3.1.*, !=3.2.*, !=3.3.*"
files = [
    {file = "requests-oauthlib-1.3.1.tar.gz", hash = "sha256:75beac4a47881eeb94d5ea5d6ad31ef88856affe2332b9aafb52c6452ccf0d7a"},
    {file = "requests_oauthlib-1.3.1-py2.py3-none-any.whl", hash = "sha256:2577c501a2fb8d05a304c09d090d6e47c306fef15809d102b327cf8364bddab5"},
]

[package.dependencies]
oauthlib = ">=3.0.0"
requests = ">=2.0.0"

[package.extras]
rsa = ["oauthlib[signedtoken] (>=3.0.0)"]

[[package]]
name = "six"
version = "1.16.0"
description = "Python 2 and 3 compatibility utilities"
category = "main"
optional = false
python-versions = ">=2.7, !=3.0.*, !=3.1.*, !=3.2.*"
files = [
    {file = "six-1.16.0-py2.py3-none-any.whl", hash = "sha256:8abb2f1d86890a2dfb989f9a77cfcfd3e47c2a354b01111771326f8aa26e0254"},
    {file = "six-1.16.0.tar.gz", hash = "sha256:1e61c37477a1626458e36f7b1d82aa5c9b094fa4802892072e49de9c60c4c926"},
]

[[package]]
name = "ujson"
version = "5.7.0"
description = "Ultra fast JSON encoder and decoder for Python"
category = "main"
optional = false
python-versions = ">=3.7"
files = [
    {file = "ujson-5.7.0-cp310-cp310-macosx_10_9_x86_64.whl", hash = "sha256:5eba5e69e4361ac3a311cf44fa71bc619361b6e0626768a494771aacd1c2f09b"},
    {file = "ujson-5.7.0-cp310-cp310-macosx_11_0_arm64.whl", hash = "sha256:aae4d9e1b4c7b61780f0a006c897a4a1904f862fdab1abb3ea8f45bd11aa58f3"},
    {file = "ujson-5.7.0-cp310-cp310-manylinux_2_17_aarch64.manylinux2014_aarch64.whl", hash = "sha256:d2e43ccdba1cb5c6d3448eadf6fc0dae7be6c77e357a3abc968d1b44e265866d"},
    {file = "ujson-5.7.0-cp310-cp310-manylinux_2_17_x86_64.manylinux2014_x86_64.whl", hash = "sha256:54384ce4920a6d35fa9ea8e580bc6d359e3eb961fa7e43f46c78e3ed162d56ff"},
    {file = "ujson-5.7.0-cp310-cp310-manylinux_2_5_i686.manylinux1_i686.manylinux_2_17_i686.manylinux2014_i686.whl", hash = "sha256:24ad1aa7fc4e4caa41d3d343512ce68e41411fb92adf7f434a4d4b3749dc8f58"},
    {file = "ujson-5.7.0-cp310-cp310-musllinux_1_1_aarch64.whl", hash = "sha256:afff311e9f065a8f03c3753db7011bae7beb73a66189c7ea5fcb0456b7041ea4"},
    {file = "ujson-5.7.0-cp310-cp310-musllinux_1_1_i686.whl", hash = "sha256:6e80f0d03e7e8646fc3d79ed2d875cebd4c83846e129737fdc4c2532dbd43d9e"},
    {file = "ujson-5.7.0-cp310-cp310-musllinux_1_1_x86_64.whl", hash = "sha256:137831d8a0db302fb6828ee21c67ad63ac537bddc4376e1aab1c8573756ee21c"},
    {file = "ujson-5.7.0-cp310-cp310-win32.whl", hash = "sha256:7df3fd35ebc14dafeea031038a99232b32f53fa4c3ecddb8bed132a43eefb8ad"},
    {file = "ujson-5.7.0-cp310-cp310-win_amd64.whl", hash = "sha256:af4639f684f425177d09ae409c07602c4096a6287027469157bfb6f83e01448b"},
    {file = "ujson-5.7.0-cp311-cp311-macosx_10_9_x86_64.whl", hash = "sha256:9b0f2680ce8a70f77f5d70aaf3f013d53e6af6d7058727a35d8ceb4a71cdd4e9"},
    {file = "ujson-5.7.0-cp311-cp311-macosx_11_0_arm64.whl", hash = "sha256:67a19fd8e7d8cc58a169bea99fed5666023adf707a536d8f7b0a3c51dd498abf"},
    {file = "ujson-5.7.0-cp311-cp311-manylinux_2_17_aarch64.manylinux2014_aarch64.whl", hash = "sha256:6abb8e6d8f1ae72f0ed18287245f5b6d40094e2656d1eab6d99d666361514074"},
    {file = "ujson-5.7.0-cp311-cp311-manylinux_2_17_x86_64.manylinux2014_x86_64.whl", hash = "sha256:d8cd622c069368d5074bd93817b31bdb02f8d818e57c29e206f10a1f9c6337dd"},
    {file = "ujson-5.7.0-cp311-cp311-manylinux_2_5_i686.manylinux1_i686.manylinux_2_17_i686.manylinux2014_i686.whl", hash = "sha256:14f9082669f90e18e64792b3fd0bf19f2b15e7fe467534a35ea4b53f3bf4b755"},
    {file = "ujson-5.7.0-cp311-cp311-musllinux_1_1_aarch64.whl", hash = "sha256:d7ff6ebb43bc81b057724e89550b13c9a30eda0f29c2f506f8b009895438f5a6"},
    {file = "ujson-5.7.0-cp311-cp311-musllinux_1_1_i686.whl", hash = "sha256:f7f241488879d91a136b299e0c4ce091996c684a53775e63bb442d1a8e9ae22a"},
    {file = "ujson-5.7.0-cp311-cp311-musllinux_1_1_x86_64.whl", hash = "sha256:5593263a7fcfb934107444bcfba9dde8145b282de0ee9f61e285e59a916dda0f"},
    {file = "ujson-5.7.0-cp311-cp311-win32.whl", hash = "sha256:26c2b32b489c393106e9cb68d0a02e1a7b9d05a07429d875c46b94ee8405bdb7"},
    {file = "ujson-5.7.0-cp311-cp311-win_amd64.whl", hash = "sha256:ed24406454bb5a31df18f0a423ae14beb27b28cdfa34f6268e7ebddf23da807e"},
    {file = "ujson-5.7.0-cp37-cp37m-macosx_10_9_x86_64.whl", hash = "sha256:18679484e3bf9926342b1c43a3bd640f93a9eeeba19ef3d21993af7b0c44785d"},
    {file = "ujson-5.7.0-cp37-cp37m-manylinux_2_17_aarch64.manylinux2014_aarch64.whl", hash = "sha256:0ee295761e1c6c30400641f0a20d381633d7622633cdf83a194f3c876a0e4b7e"},
    {file = "ujson-5.7.0-cp37-cp37m-manylinux_2_17_x86_64.manylinux2014_x86_64.whl", hash = "sha256:b738282e12a05f400b291966630a98d622da0938caa4bc93cf65adb5f4281c60"},
    {file = "ujson-5.7.0-cp37-cp37m-manylinux_2_5_i686.manylinux1_i686.manylinux_2_17_i686.manylinux2014_i686.whl", hash = "sha256:00343501dbaa5172e78ef0e37f9ebd08040110e11c12420ff7c1f9f0332d939e"},
    {file = "ujson-5.7.0-cp37-cp37m-musllinux_1_1_aarch64.whl", hash = "sha256:c0d1f7c3908357ee100aa64c4d1cf91edf99c40ac0069422a4fd5fd23b263263"},
    {file = "ujson-5.7.0-cp37-cp37m-musllinux_1_1_i686.whl", hash = "sha256:a5d2f44331cf04689eafac7a6596c71d6657967c07ac700b0ae1c921178645da"},
    {file = "ujson-5.7.0-cp37-cp37m-musllinux_1_1_x86_64.whl", hash = "sha256:16b2254a77b310f118717715259a196662baa6b1f63b1a642d12ab1ff998c3d7"},
    {file = "ujson-5.7.0-cp37-cp37m-win32.whl", hash = "sha256:6faf46fa100b2b89e4db47206cf8a1ffb41542cdd34dde615b2fc2288954f194"},
    {file = "ujson-5.7.0-cp37-cp37m-win_amd64.whl", hash = "sha256:ff0004c3f5a9a6574689a553d1b7819d1a496b4f005a7451f339dc2d9f4cf98c"},
    {file = "ujson-5.7.0-cp38-cp38-macosx_10_9_x86_64.whl", hash = "sha256:75204a1dd7ec6158c8db85a2f14a68d2143503f4bafb9a00b63fe09d35762a5e"},
    {file = "ujson-5.7.0-cp38-cp38-macosx_11_0_arm64.whl", hash = "sha256:7312731c7826e6c99cdd3ac503cd9acd300598e7a80bcf41f604fee5f49f566c"},
    {file = "ujson-5.7.0-cp38-cp38-manylinux_2_17_aarch64.manylinux2014_aarch64.whl", hash = "sha256:7b9dc5a90e2149643df7f23634fe202fed5ebc787a2a1be95cf23632b4d90651"},
    {file = "ujson-5.7.0-cp38-cp38-manylinux_2_17_x86_64.manylinux2014_x86_64.whl", hash = "sha256:b6a6961fc48821d84b1198a09516e396d56551e910d489692126e90bf4887d29"},
    {file = "ujson-5.7.0-cp38-cp38-manylinux_2_5_i686.manylinux1_i686.manylinux_2_17_i686.manylinux2014_i686.whl", hash = "sha256:b01a9af52a0d5c46b2c68e3f258fdef2eacaa0ce6ae3e9eb97983f5b1166edb6"},
    {file = "ujson-5.7.0-cp38-cp38-musllinux_1_1_aarch64.whl", hash = "sha256:b7316d3edeba8a403686cdcad4af737b8415493101e7462a70ff73dd0609eafc"},
    {file = "ujson-5.7.0-cp38-cp38-musllinux_1_1_i686.whl", hash = "sha256:4ee997799a23227e2319a3f8817ce0b058923dbd31904761b788dc8f53bd3e30"},
    {file = "ujson-5.7.0-cp38-cp38-musllinux_1_1_x86_64.whl", hash = "sha256:dda9aa4c33435147262cd2ea87c6b7a1ca83ba9b3933ff7df34e69fee9fced0c"},
    {file = "ujson-5.7.0-cp38-cp38-win32.whl", hash = "sha256:bea8d30e362180aafecabbdcbe0e1f0b32c9fa9e39c38e4af037b9d3ca36f50c"},
    {file = "ujson-5.7.0-cp38-cp38-win_amd64.whl", hash = "sha256:c96e3b872bf883090ddf32cc41957edf819c5336ab0007d0cf3854e61841726d"},
    {file = "ujson-5.7.0-cp39-cp39-macosx_10_9_x86_64.whl", hash = "sha256:6411aea4c94a8e93c2baac096fbf697af35ba2b2ed410b8b360b3c0957a952d3"},
    {file = "ujson-5.7.0-cp39-cp39-macosx_11_0_arm64.whl", hash = "sha256:3d3b3499c55911f70d4e074c626acdb79a56f54262c3c83325ffb210fb03e44d"},
    {file = "ujson-5.7.0-cp39-cp39-manylinux_2_17_aarch64.manylinux2014_aarch64.whl", hash = "sha256:341f891d45dd3814d31764626c55d7ab3fd21af61fbc99d070e9c10c1190680b"},
    {file = "ujson-5.7.0-cp39-cp39-manylinux_2_17_x86_64.manylinux2014_x86_64.whl", hash = "sha256:2f242eec917bafdc3f73a1021617db85f9958df80f267db69c76d766058f7b19"},
    {file = "ujson-5.7.0-cp39-cp39-manylinux_2_5_i686.manylinux1_i686.manylinux_2_17_i686.manylinux2014_i686.whl", hash = "sha256:c3af9f9f22a67a8c9466a32115d9073c72a33ae627b11de6f592df0ee09b98b6"},
    {file = "ujson-5.7.0-cp39-cp39-musllinux_1_1_aarch64.whl", hash = "sha256:4a3d794afbf134df3056a813e5c8a935208cddeae975bd4bc0ef7e89c52f0ce0"},
    {file = "ujson-5.7.0-cp39-cp39-musllinux_1_1_i686.whl", hash = "sha256:800bf998e78dae655008dd10b22ca8dc93bdcfcc82f620d754a411592da4bbf2"},
    {file = "ujson-5.7.0-cp39-cp39-musllinux_1_1_x86_64.whl", hash = "sha256:b5ac3d5c5825e30b438ea92845380e812a476d6c2a1872b76026f2e9d8060fc2"},
    {file = "ujson-5.7.0-cp39-cp39-win32.whl", hash = "sha256:cd90027e6d93e8982f7d0d23acf88c896d18deff1903dd96140613389b25c0dd"},
    {file = "ujson-5.7.0-cp39-cp39-win_amd64.whl", hash = "sha256:523ee146cdb2122bbd827f4dcc2a8e66607b3f665186bce9e4f78c9710b6d8ab"},
    {file = "ujson-5.7.0-pp37-pypy37_pp73-macosx_10_9_x86_64.whl", hash = "sha256:e87cec407ec004cf1b04c0ed7219a68c12860123dfb8902ef880d3d87a71c172"},
    {file = "ujson-5.7.0-pp37-pypy37_pp73-manylinux_2_17_aarch64.manylinux2014_aarch64.whl", hash = "sha256:bab10165db6a7994e67001733f7f2caf3400b3e11538409d8756bc9b1c64f7e8"},
    {file = "ujson-5.7.0-pp37-pypy37_pp73-manylinux_2_17_x86_64.manylinux2014_x86_64.whl", hash = "sha256:b522be14a28e6ac1cf818599aeff1004a28b42df4ed4d7bc819887b9dac915fc"},
    {file = "ujson-5.7.0-pp37-pypy37_pp73-manylinux_2_5_i686.manylinux1_i686.manylinux_2_17_i686.manylinux2014_i686.whl", hash = "sha256:7592f40175c723c032cdbe9fe5165b3b5903604f774ab0849363386e99e1f253"},
    {file = "ujson-5.7.0-pp37-pypy37_pp73-win_amd64.whl", hash = "sha256:ed22f9665327a981f288a4f758a432824dc0314e4195a0eaeb0da56a477da94d"},
    {file = "ujson-5.7.0-pp38-pypy38_pp73-macosx_10_9_x86_64.whl", hash = "sha256:adf445a49d9a97a5a4c9bb1d652a1528de09dd1c48b29f79f3d66cea9f826bf6"},
    {file = "ujson-5.7.0-pp38-pypy38_pp73-manylinux_2_17_aarch64.manylinux2014_aarch64.whl", hash = "sha256:64772a53f3c4b6122ed930ae145184ebaed38534c60f3d859d8c3f00911eb122"},
    {file = "ujson-5.7.0-pp38-pypy38_pp73-manylinux_2_17_x86_64.manylinux2014_x86_64.whl", hash = "sha256:35209cb2c13fcb9d76d249286105b4897b75a5e7f0efb0c0f4b90f222ce48910"},
    {file = "ujson-5.7.0-pp38-pypy38_pp73-manylinux_2_5_i686.manylinux1_i686.manylinux_2_17_i686.manylinux2014_i686.whl", hash = "sha256:90712dfc775b2c7a07d4d8e059dd58636bd6ff1776d79857776152e693bddea6"},
    {file = "ujson-5.7.0-pp38-pypy38_pp73-win_amd64.whl", hash = "sha256:0e4e8981c6e7e9e637e637ad8ffe948a09e5434bc5f52ecbb82b4b4cfc092bfb"},
    {file = "ujson-5.7.0-pp39-pypy39_pp73-macosx_10_9_x86_64.whl", hash = "sha256:581c945b811a3d67c27566539bfcb9705ea09cb27c4be0002f7a553c8886b817"},
    {file = "ujson-5.7.0-pp39-pypy39_pp73-manylinux_2_17_aarch64.manylinux2014_aarch64.whl", hash = "sha256:d36a807a24c7d44f71686685ae6fbc8793d784bca1adf4c89f5f780b835b6243"},
    {file = "ujson-5.7.0-pp39-pypy39_pp73-manylinux_2_17_x86_64.manylinux2014_x86_64.whl", hash = "sha256:8b4257307e3662aa65e2644a277ca68783c5d51190ed9c49efebdd3cbfd5fa44"},
    {file = "ujson-5.7.0-pp39-pypy39_pp73-manylinux_2_5_i686.manylinux1_i686.manylinux_2_17_i686.manylinux2014_i686.whl", hash = "sha256:ea7423d8a2f9e160c5e011119741682414c5b8dce4ae56590a966316a07a4618"},
    {file = "ujson-5.7.0-pp39-pypy39_pp73-win_amd64.whl", hash = "sha256:4c592eb91a5968058a561d358d0fef59099ed152cfb3e1cd14eee51a7a93879e"},
    {file = "ujson-5.7.0.tar.gz", hash = "sha256:e788e5d5dcae8f6118ac9b45d0b891a0d55f7ac480eddcb7f07263f2bcf37b23"},
]

[[package]]
name = "urllib3"
version = "1.26.14"
description = "HTTP library with thread-safe connection pooling, file post, and more."
category = "main"
optional = false
python-versions = ">=2.7, !=3.0.*, !=3.1.*, !=3.2.*, !=3.3.*, !=3.4.*, !=3.5.*"
files = [
    {file = "urllib3-1.26.14-py2.py3-none-any.whl", hash = "sha256:75edcdc2f7d85b137124a6c3c9fc3933cdeaa12ecb9a6a959f22797a0feca7e1"},
    {file = "urllib3-1.26.14.tar.gz", hash = "sha256:076907bf8fd355cde77728471316625a4d2f7e713c125f51953bb5b3eecf4f72"},
]

[package.extras]
brotli = ["brotli (>=1.0.9)", "brotlicffi (>=0.8.0)", "brotlipy (>=0.6.0)"]
secure = ["certifi", "cryptography (>=1.3.4)", "idna (>=2.0.0)", "ipaddress", "pyOpenSSL (>=0.14)", "urllib3-secure-extra"]
socks = ["PySocks (>=1.5.6,!=1.5.7,<2.0)"]

[[package]]
name = "wikibaseintegrator"
version = "0.12.3"
description = "Python package for reading from and writing to a Wikibase instance"
category = "main"
optional = false
python-versions = "<3.13,>=3.7"
files = [
    {file = "wikibaseintegrator-0.12.3-py3-none-any.whl", hash = "sha256:dd385825d776ddffb948830841fc2c4a45e5c6420007c3d2a79efa2b52b9e556"},
    {file = "wikibaseintegrator-0.12.3.tar.gz", hash = "sha256:e3a4941fcc21b7b061fac693a3655383837b05a7c9cfe123549db61d7d358a52"},
]

[package.dependencies]
backoff = ">=1.11.1,<2.3.0"
mwoauth = ">=0.3.8,<0.4.0"
oauthlib = ">=3.2.0,<3.3.0"
requests = ">=2.27.1,<2.29.0"
requests-oauthlib = ">=1.3.1,<1.4.0"
ujson = ">=5.4,<5.8"

[package.extras]
coverage = ["pytest-cov"]
dev = ["codespell", "flynt", "mypy", "pylint", "pylint-exit", "pytest"]
docs = ["Sphinx (>=4.5,<6.2)", "m2r2 (>=0.3.2,<0.4.0)", "readthedocs-sphinx-ext (>=2.1.5,<2.3.0)", "sphinx-autodoc-typehints (>=1.18.1,<1.21.0)", "sphinx-github-changelog (>=1.2.0,<1.3.0)", "sphinx-rtd-theme (>=1.0,<1.2)"]
notebooks = ["jupyter"]

[metadata]
lock-version = "2.0"
python-versions = ">=3.10,<3.13"
content-hash = "d20827fe374eb06508b8791448dd1f3f1cf3f1be4512af727eb518597204a968"
